
Microsoft Visual Studio Solution File, Format Version 12.00
# Visual Studio Version 16
VisualStudioVersion = 16.0.31005.135
MinimumVisualStudioVersion = 10.0.40219.1
Project("{9A19103F-16F7-4668-BE54-9A1E7A4F7556}") = "StringCalculatorKata", "StringCalculator\StringCalculatorKata\StringCalculatorKata.csproj", "{2785ED13-DFA1-4C59-B50D-7889757158BF}"
EndProject
Project("{9A19103F-16F7-4668-BE54-9A1E7A4F7556}") = "StringCalculatorKata.Test", "StringCalculator\StringCalculatorKata.Test\StringCalculatorKata.Test.csproj", "{94276D88-301E-487E-A23A-8EAEC96B4A95}"
EndProject
Project("{2150E333-8FDC-42A3-9474-1A3956D46DE8}") = "StringCalculator", "StringCalculator", "{AF1B4EFB-0066-4A82-A2B7-E6E17159A9AC}"
EndProject
Project("{2150E333-8FDC-42A3-9474-1A3956D46DE8}") = "FibonacciNumbers", "FibonacciNumbers", "{7C98E92D-C7DD-4236-94EA-EBC60CF98069}"
EndProject
Project("{FAE04EC0-301F-11D3-BF4B-00C04F79EFBC}") = "FibonacciNumbersKata", "FibonacciNumbersKata\FibonacciNumbersKata.csproj", "{234209F4-B822-4A6B-A77E-140273E55438}"
EndProject
Project("{FAE04EC0-301F-11D3-BF4B-00C04F79EFBC}") = "FibonacciNumbersKata.Tests", "FibonacciNumbersKata.Tests\FibonacciNumbersKata.Tests.csproj", "{42AD8093-2467-4539-B6D6-4213B5E0D108}"
EndProject
Project("{2150E333-8FDC-42A3-9474-1A3956D46DE8}") = "FizzBuzz", "FizzBuzz", "{5868AC94-4AFA-49A9-95C6-CB72B1DC4349}"
EndProject
Project("{FAE04EC0-301F-11D3-BF4B-00C04F79EFBC}") = "FizzBuzzKata", "FizzBuzzKata\FizzBuzzKata.csproj", "{0D2F5775-E0FE-46C9-A007-9793C929F4D4}"
EndProject
Project("{FAE04EC0-301F-11D3-BF4B-00C04F79EFBC}") = "FizzBuzzKata.Tests", "FizzBuzzKata.Tests\FizzBuzzKata.Tests.csproj", "{B1995AF1-2294-4F2E-A013-A010E6C7EF81}"
EndProject
Global
	GlobalSection(SolutionConfigurationPlatforms) = preSolution
		Debug|Any CPU = Debug|Any CPU
		Release|Any CPU = Release|Any CPU
	EndGlobalSection
	GlobalSection(ProjectConfigurationPlatforms) = postSolution
		{2785ED13-DFA1-4C59-B50D-7889757158BF}.Debug|Any CPU.ActiveCfg = Debug|Any CPU
		{2785ED13-DFA1-4C59-B50D-7889757158BF}.Debug|Any CPU.Build.0 = Debug|Any CPU
		{2785ED13-DFA1-4C59-B50D-7889757158BF}.Release|Any CPU.ActiveCfg = Release|Any CPU
		{2785ED13-DFA1-4C59-B50D-7889757158BF}.Release|Any CPU.Build.0 = Release|Any CPU
		{94276D88-301E-487E-A23A-8EAEC96B4A95}.Debug|Any CPU.ActiveCfg = Debug|Any CPU
		{94276D88-301E-487E-A23A-8EAEC96B4A95}.Debug|Any CPU.Build.0 = Debug|Any CPU
		{94276D88-301E-487E-A23A-8EAEC96B4A95}.Release|Any CPU.ActiveCfg = Release|Any CPU
		{94276D88-301E-487E-A23A-8EAEC96B4A95}.Release|Any CPU.Build.0 = Release|Any CPU
		{234209F4-B822-4A6B-A77E-140273E55438}.Debug|Any CPU.ActiveCfg = Debug|Any CPU
		{234209F4-B822-4A6B-A77E-140273E55438}.Debug|Any CPU.Build.0 = Debug|Any CPU
		{234209F4-B822-4A6B-A77E-140273E55438}.Release|Any CPU.ActiveCfg = Release|Any CPU
		{234209F4-B822-4A6B-A77E-140273E55438}.Release|Any CPU.Build.0 = Release|Any CPU
		{42AD8093-2467-4539-B6D6-4213B5E0D108}.Debug|Any CPU.ActiveCfg = Debug|Any CPU
		{42AD8093-2467-4539-B6D6-4213B5E0D108}.Debug|Any CPU.Build.0 = Debug|Any CPU
		{42AD8093-2467-4539-B6D6-4213B5E0D108}.Release|Any CPU.ActiveCfg = Release|Any CPU
		{42AD8093-2467-4539-B6D6-4213B5E0D108}.Release|Any CPU.Build.0 = Release|Any CPU
		{0D2F5775-E0FE-46C9-A007-9793C929F4D4}.Debug|Any CPU.ActiveCfg = Debug|Any CPU
		{0D2F5775-E0FE-46C9-A007-9793C929F4D4}.Debug|Any CPU.Build.0 = Debug|Any CPU
		{0D2F5775-E0FE-46C9-A007-9793C929F4D4}.Release|Any CPU.ActiveCfg = Release|Any CPU
		{0D2F5775-E0FE-46C9-A007-9793C929F4D4}.Release|Any CPU.Build.0 = Release|Any CPU
		{B1995AF1-2294-4F2E-A013-A010E6C7EF81}.Debug|Any CPU.ActiveCfg = Debug|Any CPU
		{B1995AF1-2294-4F2E-A013-A010E6C7EF81}.Debug|Any CPU.Build.0 = Debug|Any CPU
		{B1995AF1-2294-4F2E-A013-A010E6C7EF81}.Release|Any CPU.ActiveCfg = Release|Any CPU
		{B1995AF1-2294-4F2E-A013-A010E6C7EF81}.Release|Any CPU.Build.0 = Release|Any CPU
	EndGlobalSection
	GlobalSection(SolutionProperties) = preSolution
		HideSolutionNode = FALSE
	EndGlobalSection
	GlobalSection(NestedProjects) = preSolution
		{2785ED13-DFA1-4C59-B50D-7889757158BF} = {AF1B4EFB-0066-4A82-A2B7-E6E17159A9AC}
		{94276D88-301E-487E-A23A-8EAEC96B4A95} = {AF1B4EFB-0066-4A82-A2B7-E6E17159A9AC}
		{234209F4-B822-4A6B-A77E-140273E55438} = {7C98E92D-C7DD-4236-94EA-EBC60CF98069}
		{42AD8093-2467-4539-B6D6-4213B5E0D108} = {7C98E92D-C7DD-4236-94EA-EBC60CF98069}
		{0D2F5775-E0FE-46C9-A007-9793C929F4D4} = {5868AC94-4AFA-49A9-95C6-CB72B1DC4349}
		{B1995AF1-2294-4F2E-A013-A010E6C7EF81} = {5868AC94-4AFA-49A9-95C6-CB72B1DC4349}
	EndGlobalSection
	GlobalSection(ExtensibilityGlobals) = postSolution
		SolutionGuid = {0BEA26FD-9DE7-41C0-A346-0BD768B64D94}
	EndGlobalSection
EndGlobal
